
Microsoft Visual Studio Solution File, Format Version 12.00
# Visual Studio Version 16
VisualStudioVersion = 16.0.30804.86
MinimumVisualStudioVersion = 10.0.40219.1
Project("{FAE04EC0-301F-11D3-BF4B-00C04F79EFBC}") = "Contact Tracing App", "Contact Tracing App\Contact Tracing App.csproj", "{9CD5908E-FC0C-44CE-8C9B-685BCC00F24C}"
EndProject
Global
	GlobalSection(SolutionConfigurationPlatforms) = preSolution
		Debug|Any CPU = Debug|Any CPU
		Release|Any CPU = Release|Any CPU
	EndGlobalSection
	GlobalSection(ProjectConfigurationPlatforms) = postSolution
		{9CD5908E-FC0C-44CE-8C9B-685BCC00F24C}.Debug|Any CPU.ActiveCfg = Debug|Any CPU
		{9CD5908E-FC0C-44CE-8C9B-685BCC00F24C}.Debug|Any CPU.Build.0 = Debug|Any CPU
		{9CD5908E-FC0C-44CE-8C9B-685BCC00F24C}.Release|Any CPU.ActiveCfg = Release|Any CPU
		{9CD5908E-FC0C-44CE-8C9B-685BCC00F24C}.Release|Any CPU.Build.0 = Release|Any CPU
	EndGlobalSection
	GlobalSection(SolutionProperties) = preSolution
		HideSolutionNode = FALSE
	EndGlobalSection
	GlobalSection(ExtensibilityGlobals) = postSolution
		SolutionGuid = {48254491-259C-46EF-950B-57B76601840D}
	EndGlobalSection
EndGlobal
